// !$*UTF8*$!
{
	archiveVersion = 1;
	classes = {
	};
	objectVersion = 56;
	objects = {

/* Begin PBXBuildFile section */
		CD0863282A8010A700C7C9C0 /* Giva_A_WayFinalProjectApp.swift in Sources */ = {isa = PBXBuildFile; fileRef = CD0863272A8010A700C7C9C0 /* Giva_A_WayFinalProjectApp.swift */; };
		CD08632A2A8010A700C7C9C0 /* ContentView.swift in Sources */ = {isa = PBXBuildFile; fileRef = CD0863292A8010A700C7C9C0 /* ContentView.swift */; };
		CD08632C2A8010AA00C7C9C0 /* Assets.xcassets in Resources */ = {isa = PBXBuildFile; fileRef = CD08632B2A8010AA00C7C9C0 /* Assets.xcassets */; };
		CD08632F2A8010AA00C7C9C0 /* Preview Assets.xcassets in Resources */ = {isa = PBXBuildFile; fileRef = CD08632E2A8010AA00C7C9C0 /* Preview Assets.xcassets */; };
		CD0863362A801A7B00C7C9C0 /* SplashScreenView.swift in Sources */ = {isa = PBXBuildFile; fileRef = CD0863352A801A7B00C7C9C0 /* SplashScreenView.swift */; };
		CD0CB1072A8D3774006983E9 /* ViewModel.swift in Sources */ = {isa = PBXBuildFile; fileRef = CD0CB1062A8D3774006983E9 /* ViewModel.swift */; };
		CD69EF692A840A6A00023326 /* gvavid.mp4 in Resources */ = {isa = PBXBuildFile; fileRef = CD69EF582A82817C00023326 /* gvavid.mp4 */; };
/* End PBXBuildFile section */

/* Begin PBXFileReference section */
		CD0863242A8010A700C7C9C0 /* Giva-A-WayFinalProject.app */ = {isa = PBXFileReference; explicitFileType = wrapper.application; includeInIndex = 0; path = "Giva-A-WayFinalProject.app"; sourceTree = BUILT_PRODUCTS_DIR; };
		CD0863272A8010A700C7C9C0 /* Giva_A_WayFinalProjectApp.swift */ = {isa = PBXFileReference; lastKnownFileType = sourcecode.swift; path = Giva_A_WayFinalProjectApp.swift; sourceTree = "<group>"; };
		CD0863292A8010A700C7C9C0 /* ContentView.swift */ = {isa = PBXFileReference; lastKnownFileType = sourcecode.swift; path = ContentView.swift; sourceTree = "<group>"; };
		CD08632B2A8010AA00C7C9C0 /* Assets.xcassets */ = {isa = PBXFileReference; lastKnownFileType = folder.assetcatalog; path = Assets.xcassets; sourceTree = "<group>"; };
		CD08632E2A8010AA00C7C9C0 /* Preview Assets.xcassets */ = {isa = PBXFileReference; lastKnownFileType = folder.assetcatalog; path = "Preview Assets.xcassets"; sourceTree = "<group>"; };
		CD0863352A801A7B00C7C9C0 /* SplashScreenView.swift */ = {isa = PBXFileReference; lastKnownFileType = sourcecode.swift; path = SplashScreenView.swift; sourceTree = "<group>"; };
		CD0CB0EF2A8A9ABF006983E9 /* logo.mp4 */ = {isa = PBXFileReference; lastKnownFileType = file; path = logo.mp4; sourceTree = "<group>"; };
		CD0CB1062A8D3774006983E9 /* ViewModel.swift */ = {isa = PBXFileReference; lastKnownFileType = sourcecode.swift; path = ViewModel.swift; sourceTree = "<group>"; };
		CD69EF582A82817C00023326 /* gvavid.mp4 */ = {isa = PBXFileReference; lastKnownFileType = file; path = gvavid.mp4; sourceTree = "<group>"; };
/* End PBXFileReference section */

/* Begin PBXFrameworksBuildPhase section */
		CD0863212A8010A700C7C9C0 /* Frameworks */ = {
			isa = PBXFrameworksBuildPhase;
			buildActionMask = 2147483647;
			files = (
			);
			runOnlyForDeploymentPostprocessing = 0;
		};
/* End PBXFrameworksBuildPhase section */

/* Begin PBXGroup section */
		CD08631B2A8010A600C7C9C0 = {
			isa = PBXGroup;
			children = (
				CD0863262A8010A700C7C9C0 /* Giva-A-WayFinalProject */,
				CD0863252A8010A700C7C9C0 /* Products */,
			);
			sourceTree = "<group>";
		};
		CD0863252A8010A700C7C9C0 /* Products */ = {
			isa = PBXGroup;
			children = (
				CD0863242A8010A700C7C9C0 /* Giva-A-WayFinalProject.app */,
			);
			name = Products;
			sourceTree = "<group>";
		};
		CD0863262A8010A700C7C9C0 /* Giva-A-WayFinalProject */ = {
			isa = PBXGroup;
			children = (
				CD0863272A8010A700C7C9C0 /* Giva_A_WayFinalProjectApp.swift */,
				CD69EF592A82818E00023326 /* videos */,
				CD0863372A80581700C7C9C0 /* Views */,
				CD0CB1082A8FDB4C006983E9 /* ViewModel */,
				CD08632D2A8010AA00C7C9C0 /* Preview Content */,
			);
			path = "Giva-A-WayFinalProject";
			sourceTree = "<group>";
		};
		CD08632D2A8010AA00C7C9C0 /* Preview Content */ = {
			isa = PBXGroup;
			children = (
				CD08632E2A8010AA00C7C9C0 /* Preview Assets.xcassets */,
			);
			path = "Preview Content";
			sourceTree = "<group>";
		};
		CD0863372A80581700C7C9C0 /* Views */ = {
			isa = PBXGroup;
			children = (
				CD0863292A8010A700C7C9C0 /* ContentView.swift */,
				CD0863352A801A7B00C7C9C0 /* SplashScreenView.swift */,
				CD08632B2A8010AA00C7C9C0 /* Assets.xcassets */,
			);
			path = Views;
			sourceTree = "<group>";
		};
		CD0CB1082A8FDB4C006983E9 /* ViewModel */ = {
			isa = PBXGroup;
			children = (
				CD0CB1062A8D3774006983E9 /* ViewModel.swift */,
			);
			path = ViewModel;
			sourceTree = "<group>";
		};
		CD69EF592A82818E00023326 /* videos */ = {
			isa = PBXGroup;
			children = (
				CD69EF582A82817C00023326 /* gvavid.mp4 */,
				CD0CB0EF2A8A9ABF006983E9 /* logo.mp4 */,
			);
			path = videos;
			sourceTree = "<group>";
		};
/* End PBXGroup section */

/* Begin PBXNativeTarget section */
		CD0863232A8010A700C7C9C0 /* Giva-A-WayFinalProject */ = {
			isa = PBXNativeTarget;
			buildConfigurationList = CD0863322A8010AA00C7C9C0 /* Build configuration list for PBXNativeTarget "Giva-A-WayFinalProject" */;
			buildPhases = (
				CD0863202A8010A700C7C9C0 /* Sources */,
				CD0863212A8010A700C7C9C0 /* Frameworks */,
				CD0863222A8010A700C7C9C0 /* Resources */,
			);
			buildRules = (
			);
			dependencies = (
			);
			name = "Giva-A-WayFinalProject";
			productName = "Giva-A-WayFinalProject";
			productReference = CD0863242A8010A700C7C9C0 /* Giva-A-WayFinalProject.app */;
			productType = "com.apple.product-type.application";
		};
/* End PBXNativeTarget section */

/* Begin PBXProject section */
		CD08631C2A8010A600C7C9C0 /* Project object */ = {
			isa = PBXProject;
			attributes = {
				BuildIndependentTargetsInParallel = 1;
				LastSwiftUpdateCheck = 1420;
				LastUpgradeCheck = 1420;
				TargetAttributes = {
					CD0863232A8010A700C7C9C0 = {
						CreatedOnToolsVersion = 14.2;
					};
				};
			};
			buildConfigurationList = CD08631F2A8010A600C7C9C0 /* Build configuration list for PBXProject "Giva-A-WayFinalProject" */;
			compatibilityVersion = "Xcode 14.0";
			developmentRegion = en;
			hasScannedForEncodings = 0;
			knownRegions = (
				en,
				Base,
			);
			mainGroup = CD08631B2A8010A600C7C9C0;
			productRefGroup = CD0863252A8010A700C7C9C0 /* Products */;
			projectDirPath = "";
			projectRoot = "";
			targets = (
				CD0863232A8010A700C7C9C0 /* Giva-A-WayFinalProject */,
			);
		};
/* End PBXProject section */

/* Begin PBXResourcesBuildPhase section */
		CD0863222A8010A700C7C9C0 /* Resources */ = {
			isa = PBXResourcesBuildPhase;
			buildActionMask = 2147483647;
			files = (
				CD08632F2A8010AA00C7C9C0 /* Preview Assets.xcassets in Resources */,
				CD08632C2A8010AA00C7C9C0 /* Assets.xcassets in Resources */,
				CD69EF692A840A6A00023326 /* gvavid.mp4 in Resources */,
			);
			runOnlyForDeploymentPostprocessing = 0;
		};
/* End PBXResourcesBuildPhase section */

/* Begin PBXSourcesBuildPhase section */
		CD0863202A8010A700C7C9C0 /* Sources */ = {
			isa = PBXSourcesBuildPhase;
			buildActionMask = 2147483647;
			files = (
				CD08632A2A8010A700C7C9C0 /* ContentView.swift in Sources */,
				CD0863282A8010A700C7C9C0 /* Giva_A_WayFinalProjectApp.swift in Sources */,
				CD0CB1072A8D3774006983E9 /* ViewModel.swift in Sources */,
				CD0863362A801A7B00C7C9C0 /* SplashScreenView.swift in Sources */,
			);
			runOnlyForDeploymentPostprocessing = 0;
		};
/* End PBXSourcesBuildPhase section */

/* Begin XCBuildConfiguration section */
		CD0863302A8010AA00C7C9C0 /* Debug */ = {
			isa = XCBuildConfiguration;
			buildSettings = {
				ALWAYS_SEARCH_USER_PATHS = NO;
				CLANG_ANALYZER_NONNULL = YES;
				CLANG_ANALYZER_NUMBER_OBJECT_CONVERSION = YES_AGGRESSIVE;
				CLANG_CXX_LANGUAGE_STANDARD = "gnu++20";
				CLANG_ENABLE_MODULES = YES;
				CLANG_ENABLE_OBJC_ARC = YES;
				CLANG_ENABLE_OBJC_WEAK = YES;
				CLANG_WARN_BLOCK_CAPTURE_AUTORELEASING = YES;
				CLANG_WARN_BOOL_CONVERSION = YES;
				CLANG_WARN_COMMA = YES;
				CLANG_WARN_CONSTANT_CONVERSION = YES;
				CLANG_WARN_DEPRECATED_OBJC_IMPLEMENTATIONS = YES;
				CLANG_WARN_DIRECT_OBJC_ISA_USAGE = YES_ERROR;
				CLANG_WARN_DOCUMENTATION_COMMENTS = YES;
				CLANG_WARN_EMPTY_BODY = YES;
				CLANG_WARN_ENUM_CONVERSION = YES;
				CLANG_WARN_INFINITE_RECURSION = YES;
				CLANG_WARN_INT_CONVERSION = YES;
				CLANG_WARN_NON_LITERAL_NULL_CONVERSION = YES;
				CLANG_WARN_OBJC_IMPLICIT_RETAIN_SELF = YES;
				CLANG_WARN_OBJC_LITERAL_CONVERSION = YES;
				CLANG_WARN_OBJC_ROOT_CLASS = YES_ERROR;
				CLANG_WARN_QUOTED_INCLUDE_IN_FRAMEWORK_HEADER = YES;
				CLANG_WARN_RANGE_LOOP_ANALYSIS = YES;
				CLANG_WARN_STRICT_PROTOTYPES = YES;
				CLANG_WARN_SUSPICIOUS_MOVE = YES;
				CLANG_WARN_UNGUARDED_AVAILABILITY = YES_AGGRESSIVE;
				CLANG_WARN_UNREACHABLE_CODE = YES;
				CLANG_WARN__DUPLICATE_METHOD_MATCH = YES;
				COPY_PHASE_STRIP = NO;
				DEBUG_INFORMATION_FORMAT = dwarf;
				ENABLE_STRICT_OBJC_MSGSEND = YES;
				ENABLE_TESTABILITY = YES;
				GCC_C_LANGUAGE_STANDARD = gnu11;
				GCC_DYNAMIC_NO_PIC = NO;
				GCC_NO_COMMON_BLOCKS = YES;
				GCC_OPTIMIZATION_LEVEL = 0;
				GCC_PREPROCESSOR_DEFINITIONS = (
					"DEBUG=1",
					"$(inherited)",
				);
				GCC_WARN_64_TO_32_BIT_CONVERSION = YES;
				GCC_WARN_ABOUT_RETURN_TYPE = YES_ERROR;
				GCC_WARN_UNDECLARED_SELECTOR = YES;
				GCC_WARN_UNINITIALIZED_AUTOS = YES_AGGRESSIVE;
				GCC_WARN_UNUSED_FUNCTION = YES;
				GCC_WARN_UNUSED_VARIABLE = YES;
				IPHONEOS_DEPLOYMENT_TARGET = 16.2;
				MTL_ENABLE_DEBUG_INFO = INCLUDE_SOURCE;
				MTL_FAST_MATH = YES;
				ONLY_ACTIVE_ARCH = YES;
				SDKROOT = iphoneos;
				SWIFT_ACTIVE_COMPILATION_CONDITIONS = DEBUG;
				SWIFT_OPTIMIZATION_LEVEL = "-Onone";
			};
			name = Debug;
		};
		CD0863312A8010AA00C7C9C0 /* Release */ = {
			isa = XCBuildConfiguration;
			buildSettings = {
				ALWAYS_SEARCH_USER_PATHS = NO;
				CLANG_ANALYZER_NONNULL = YES;
				CLANG_ANALYZER_NUMBER_OBJECT_CONVERSION = YES_AGGRESSIVE;
				CLANG_CXX_LANGUAGE_STANDARD = "gnu++20";
				CLANG_ENABLE_MODULES = YES;
				CLANG_ENABLE_OBJC_ARC = YES;
				CLANG_ENABLE_OBJC_WEAK = YES;
				CLANG_WARN_BLOCK_CAPTURE_AUTORELEASING = YES;
				CLANG_WARN_BOOL_CONVERSION = YES;
				CLANG_WARN_COMMA = YES;
				CLANG_WARN_CONSTANT_CONVERSION = YES;
				CLANG_WARN_DEPRECATED_OBJC_IMPLEMENTATIONS = YES;
				CLANG_WARN_DIRECT_OBJC_ISA_USAGE = YES_ERROR;
				CLANG_WARN_DOCUMENTATION_COMMENTS = YES;
				CLANG_WARN_EMPTY_BODY = YES;
				CLANG_WARN_ENUM_CONVERSION = YES;
				CLANG_WARN_INFINITE_RECURSION = YES;
				CLANG_WARN_INT_CONVERSION = YES;
				CLANG_WARN_NON_LITERAL_NULL_CONVERSION = YES;
				CLANG_WARN_OBJC_IMPLICIT_RETAIN_SELF = YES;
				CLANG_WARN_OBJC_LITERAL_CONVERSION = YES;
				CLANG_WARN_OBJC_ROOT_CLASS = YES_ERROR;
				CLANG_WARN_QUOTED_INCLUDE_IN_FRAMEWORK_HEADER = YES;
				CLANG_WARN_RANGE_LOOP_ANALYSIS = YES;
				CLANG_WARN_STRICT_PROTOTYPES = YES;
				CLANG_WARN_SUSPICIOUS_MOVE = YES;
				CLANG_WARN_UNGUARDED_AVAILABILITY = YES_AGGRESSIVE;
				CLANG_WARN_UNREACHABLE_CODE = YES;
				CLANG_WARN__DUPLICATE_METHOD_MATCH = YES;
				COPY_PHASE_STRIP = NO;
				DEBUG_INFORMATION_FORMAT = "dwarf-with-dsym";
				ENABLE_NS_ASSERTIONS = NO;
				ENABLE_STRICT_OBJC_MSGSEND = YES;
				GCC_C_LANGUAGE_STANDARD = gnu11;
				GCC_NO_COMMON_BLOCKS = YES;
				GCC_WARN_64_TO_32_BIT_CONVERSION = YES;
				GCC_WARN_ABOUT_RETURN_TYPE = YES_ERROR;
				GCC_WARN_UNDECLARED_SELECTOR = YES;
				GCC_WARN_UNINITIALIZED_AUTOS = YES_AGGRESSIVE;
				GCC_WARN_UNUSED_FUNCTION = YES;
				GCC_WARN_UNUSED_VARIABLE = YES;
				IPHONEOS_DEPLOYMENT_TARGET = 16.2;
				MTL_ENABLE_DEBUG_INFO = NO;
				MTL_FAST_MATH = YES;
				SDKROOT = iphoneos;
				SWIFT_COMPILATION_MODE = wholemodule;
				SWIFT_OPTIMIZATION_LEVEL = "-O";
				VALIDATE_PRODUCT = YES;
			};
			name = Release;
		};
		CD0863332A8010AA00C7C9C0 /* Debug */ = {
			isa = XCBuildConfiguration;
			buildSettings = {
				ASSETCATALOG_COMPILER_APPICON_NAME = AppIcon;
				ASSETCATALOG_COMPILER_GLOBAL_ACCENT_COLOR_NAME = AccentColor;
				CODE_SIGN_STYLE = Automatic;
				CURRENT_PROJECT_VERSION = 1;
				DEVELOPMENT_ASSET_PATHS = "\"Giva-A-WayFinalProject/Preview Content\"";
				ENABLE_PREVIEWS = YES;
				GENERATE_INFOPLIST_FILE = YES;
				INFOPLIST_KEY_UIApplicationSceneManifest_Generation = YES;
				INFOPLIST_KEY_UIApplicationSupportsIndirectInputEvents = YES;
				INFOPLIST_KEY_UILaunchScreen_Generation = YES;
				INFOPLIST_KEY_UISupportedInterfaceOrientations_iPad = "UIInterfaceOrientationPortrait UIInterfaceOrientationPortraitUpsideDown UIInterfaceOrientationLandscapeLeft UIInterfaceOrientationLandscapeRight";
				INFOPLIST_KEY_UISupportedInterfaceOrientations_iPhone = "UIInterfaceOrientationPortrait UIInterfaceOrientationLandscapeLeft UIInterfaceOrientationLandscapeRight";
				LD_RUNPATH_SEARCH_PATHS = (
					"$(inherited)",
					"@executable_path/Frameworks",
				);
				MARKETING_VERSION = 1.0;
				PRODUCT_BUNDLE_IDENTIFIER = "comNadav7.Giva-A-WayFinalProject";
				PRODUCT_NAME = "$(TARGET_NAME)";
				SWIFT_EMIT_LOC_STRINGS = YES;
				SWIFT_VERSION = 5.0;
				TARGETED_DEVICE_FAMILY = "1,2";
			};
			name = Debug;
		};
		CD0863342A8010AA00C7C9C0 /* Release */ = {
			isa = XCBuildConfiguration;
			buildSettings = {
				ASSETCATALOG_COMPILER_APPICON_NAME = AppIcon;
				ASSETCATALOG_COMPILER_GLOBAL_ACCENT_COLOR_NAME = AccentColor;
				CODE_SIGN_STYLE = Automatic;
				CURRENT_PROJECT_VERSION = 1;
				DEVELOPMENT_ASSET_PATHS = "\"Giva-A-WayFinalProject/Preview Content\"";
				ENABLE_PREVIEWS = YES;
				GENERATE_INFOPLIST_FILE = YES;
				INFOPLIST_KEY_UIApplicationSceneManifest_Generation = YES;
				INFOPLIST_KEY_UIApplicationSupportsIndirectInputEvents = YES;
				INFOPLIST_KEY_UILaunchScreen_Generation = YES;
				INFOPLIST_KEY_UISupportedInterfaceOrientations_iPad = "UIInterfaceOrientationPortrait UIInterfaceOrientationPortraitUpsideDown UIInterfaceOrientationLandscapeLeft UIInterfaceOrientationLandscapeRight";
				INFOPLIST_KEY_UISupportedInterfaceOrientations_iPhone = "UIInterfaceOrientationPortrait UIInterfaceOrientationLandscapeLeft UIInterfaceOrientationLandscapeRight";
				LD_RUNPATH_SEARCH_PATHS = (
					"$(inherited)",
					"@executable_path/Frameworks",
				);
				MARKETING_VERSION = 1.0;
				PRODUCT_BUNDLE_IDENTIFIER = "comNadav7.Giva-A-WayFinalProject";
				PRODUCT_NAME = "$(TARGET_NAME)";
				SWIFT_EMIT_LOC_STRINGS = YES;
				SWIFT_VERSION = 5.0;
				TARGETED_DEVICE_FAMILY = "1,2";
			};
			name = Release;
		};
/* End XCBuildConfiguration section */

/* Begin XCConfigurationList section */
		CD08631F2A8010A600C7C9C0 /* Build configuration list for PBXProject "Giva-A-WayFinalProject" */ = {
			isa = XCConfigurationList;
			buildConfigurations = (
				CD0863302A8010AA00C7C9C0 /* Debug */,
				CD0863312A8010AA00C7C9C0 /* Release */,
			);
			defaultConfigurationIsVisible = 0;
			defaultConfigurationName = Release;
		};
		CD0863322A8010AA00C7C9C0 /* Build configuration list for PBXNativeTarget "Giva-A-WayFinalProject" */ = {
			isa = XCConfigurationList;
			buildConfigurations = (
				CD0863332A8010AA00C7C9C0 /* Debug */,
				CD0863342A8010AA00C7C9C0 /* Release */,
			);
			defaultConfigurationIsVisible = 0;
			defaultConfigurationName = Release;
		};
/* End XCConfigurationList section */
	};
	rootObject = CD08631C2A8010A600C7C9C0 /* Project object */;
}
